
Microsoft Visual Studio Solution File, Format Version 12.00
# Visual Studio 15
VisualStudioVersion = 15.0.28307.168
MinimumVisualStudioVersion = 10.0.40219.1
Project("{9092AA53-FB77-4645-B42D-1CCCA6BD08BD}") = "drinks-diary-api", "WebAPI\drinks-diary-api.njsproj", "{82638854-7C73-4917-ACAB-65E22A819CF8}"
EndProject
Global
	GlobalSection(SolutionConfigurationPlatforms) = preSolution
		Debug|Any CPU = Debug|Any CPU
		Release|Any CPU = Release|Any CPU
	EndGlobalSection
	GlobalSection(ProjectConfigurationPlatforms) = postSolution
		{82638854-7C73-4917-ACAB-65E22A819CF8}.Debug|Any CPU.ActiveCfg = Debug|Any CPU
		{82638854-7C73-4917-ACAB-65E22A819CF8}.Debug|Any CPU.Build.0 = Debug|Any CPU
		{82638854-7C73-4917-ACAB-65E22A819CF8}.Release|Any CPU.ActiveCfg = Release|Any CPU
		{82638854-7C73-4917-ACAB-65E22A819CF8}.Release|Any CPU.Build.0 = Release|Any CPU
	EndGlobalSection
	GlobalSection(SolutionProperties) = preSolution
		HideSolutionNode = FALSE
	EndGlobalSection
	GlobalSection(ExtensibilityGlobals) = postSolution
		SolutionGuid = {3A83AF81-0742-457B-BAA6-63A6EF8FD337}
	EndGlobalSection
EndGlobal
